
Microsoft Visual Studio Solution File, Format Version 11.00
# Visual Studio 2010
Project("{FAE04EC0-301F-11D3-BF4B-00C04F79EFBC}") = "Assembly-CSharp", "Assembly-CSharp.csproj", "{60DFD1A7-24F6-70FA-57DA-719B3BAF45BC}"
EndProject
Project("{FAE04EC0-301F-11D3-BF4B-00C04F79EFBC}") = "Assembly-CSharp-firstpass", "Assembly-CSharp-firstpass.csproj", "{49C423D2-8ECB-10BF-9F59-B5B16BEAC13B}"
EndProject
Project("{FAE04EC0-301F-11D3-BF4B-00C04F79EFBC}") = "Assembly-CSharp-Editor", "Assembly-CSharp-Editor.csproj", "{1CD04FD3-993B-4E63-E6C1-78F7409B0E60}"
EndProject
Project("{FAE04EC0-301F-11D3-BF4B-00C04F79EFBC}") = "Assembly-CSharp-Editor-firstpass", "Assembly-CSharp-Editor-firstpass.csproj", "{E45D3086-1C56-C3E5-1B59-D517E5B4A264}"
EndProject
Global
	GlobalSection(SolutionConfigurationPlatforms) = preSolution
		Debug|Any CPU = Debug|Any CPU
		Release|Any CPU = Release|Any CPU
	EndGlobalSection
	GlobalSection(ProjectConfigurationPlatforms) = postSolution
		{60DFD1A7-24F6-70FA-57DA-719B3BAF45BC}.Debug|Any CPU.ActiveCfg = Debug|Any CPU
		{60DFD1A7-24F6-70FA-57DA-719B3BAF45BC}.Debug|Any CPU.Build.0 = Debug|Any CPU
		{60DFD1A7-24F6-70FA-57DA-719B3BAF45BC}.Release|Any CPU.ActiveCfg = Release|Any CPU
		{60DFD1A7-24F6-70FA-57DA-719B3BAF45BC}.Release|Any CPU.Build.0 = Release|Any CPU
		{49C423D2-8ECB-10BF-9F59-B5B16BEAC13B}.Debug|Any CPU.ActiveCfg = Debug|Any CPU
		{49C423D2-8ECB-10BF-9F59-B5B16BEAC13B}.Debug|Any CPU.Build.0 = Debug|Any CPU
		{49C423D2-8ECB-10BF-9F59-B5B16BEAC13B}.Release|Any CPU.ActiveCfg = Release|Any CPU
		{49C423D2-8ECB-10BF-9F59-B5B16BEAC13B}.Release|Any CPU.Build.0 = Release|Any CPU
		{1CD04FD3-993B-4E63-E6C1-78F7409B0E60}.Debug|Any CPU.ActiveCfg = Debug|Any CPU
		{1CD04FD3-993B-4E63-E6C1-78F7409B0E60}.Debug|Any CPU.Build.0 = Debug|Any CPU
		{1CD04FD3-993B-4E63-E6C1-78F7409B0E60}.Release|Any CPU.ActiveCfg = Release|Any CPU
		{1CD04FD3-993B-4E63-E6C1-78F7409B0E60}.Release|Any CPU.Build.0 = Release|Any CPU
		{E45D3086-1C56-C3E5-1B59-D517E5B4A264}.Debug|Any CPU.ActiveCfg = Debug|Any CPU
		{E45D3086-1C56-C3E5-1B59-D517E5B4A264}.Debug|Any CPU.Build.0 = Debug|Any CPU
		{E45D3086-1C56-C3E5-1B59-D517E5B4A264}.Release|Any CPU.ActiveCfg = Release|Any CPU
		{E45D3086-1C56-C3E5-1B59-D517E5B4A264}.Release|Any CPU.Build.0 = Release|Any CPU
	EndGlobalSection
	GlobalSection(SolutionProperties) = preSolution
		HideSolutionNode = FALSE
	EndGlobalSection
EndGlobal
